
Microsoft Visual Studio Solution File, Format Version 12.00
# Visual Studio Version 17
VisualStudioVersion = 17.5.33530.505
MinimumVisualStudioVersion = 10.0.40219.1
Project("{FAE04EC0-301F-11D3-BF4B-00C04F79EFBC}") = "1", "1.csproj", "{9B0FDC26-6227-41FF-8110-33DF6DBCFD8B}"
EndProject
Global
	GlobalSection(SolutionConfigurationPlatforms) = preSolution
		Debug|Any CPU = Debug|Any CPU
		Release|Any CPU = Release|Any CPU
	EndGlobalSection
	GlobalSection(ProjectConfigurationPlatforms) = postSolution
		{9B0FDC26-6227-41FF-8110-33DF6DBCFD8B}.Debug|Any CPU.ActiveCfg = Debug|Any CPU
		{9B0FDC26-6227-41FF-8110-33DF6DBCFD8B}.Debug|Any CPU.Build.0 = Debug|Any CPU
		{9B0FDC26-6227-41FF-8110-33DF6DBCFD8B}.Release|Any CPU.ActiveCfg = Release|Any CPU
		{9B0FDC26-6227-41FF-8110-33DF6DBCFD8B}.Release|Any CPU.Build.0 = Release|Any CPU
	EndGlobalSection
	GlobalSection(SolutionProperties) = preSolution
		HideSolutionNode = FALSE
	EndGlobalSection
	GlobalSection(ExtensibilityGlobals) = postSolution
		SolutionGuid = {6EB3B765-9A57-49D3-AC25-F5D04796803A}
	EndGlobalSection
EndGlobal
