
Microsoft Visual Studio Solution File, Format Version 12.00
# Visual Studio Version 17
VisualStudioVersion = 17.5.33530.505
MinimumVisualStudioVersion = 10.0.40219.1
Project("{FAE04EC0-301F-11D3-BF4B-00C04F79EFBC}") = "Num3", "Num3.csproj", "{579AB3F1-3007-44A0-B4CF-6279EE2CF471}"
EndProject
Global
	GlobalSection(SolutionConfigurationPlatforms) = preSolution
		Debug|Any CPU = Debug|Any CPU
		Release|Any CPU = Release|Any CPU
	EndGlobalSection
	GlobalSection(ProjectConfigurationPlatforms) = postSolution
		{579AB3F1-3007-44A0-B4CF-6279EE2CF471}.Debug|Any CPU.ActiveCfg = Debug|Any CPU
		{579AB3F1-3007-44A0-B4CF-6279EE2CF471}.Debug|Any CPU.Build.0 = Debug|Any CPU
		{579AB3F1-3007-44A0-B4CF-6279EE2CF471}.Release|Any CPU.ActiveCfg = Release|Any CPU
		{579AB3F1-3007-44A0-B4CF-6279EE2CF471}.Release|Any CPU.Build.0 = Release|Any CPU
	EndGlobalSection
	GlobalSection(SolutionProperties) = preSolution
		HideSolutionNode = FALSE
	EndGlobalSection
	GlobalSection(ExtensibilityGlobals) = postSolution
		SolutionGuid = {CAFF394D-7DDD-46DB-BEAA-B930D073D7FD}
	EndGlobalSection
EndGlobal
