
Microsoft Visual Studio Solution File, Format Version 12.00
# Visual Studio Version 17
VisualStudioVersion = 17.5.33530.505
MinimumVisualStudioVersion = 10.0.40219.1
Project("{FAE04EC0-301F-11D3-BF4B-00C04F79EFBC}") = "2", "2.csproj", "{8523B940-A8DC-4670-9FE2-841B3D007861}"
EndProject
Global
	GlobalSection(SolutionConfigurationPlatforms) = preSolution
		Debug|Any CPU = Debug|Any CPU
		Release|Any CPU = Release|Any CPU
	EndGlobalSection
	GlobalSection(ProjectConfigurationPlatforms) = postSolution
		{8523B940-A8DC-4670-9FE2-841B3D007861}.Debug|Any CPU.ActiveCfg = Debug|Any CPU
		{8523B940-A8DC-4670-9FE2-841B3D007861}.Debug|Any CPU.Build.0 = Debug|Any CPU
		{8523B940-A8DC-4670-9FE2-841B3D007861}.Release|Any CPU.ActiveCfg = Release|Any CPU
		{8523B940-A8DC-4670-9FE2-841B3D007861}.Release|Any CPU.Build.0 = Release|Any CPU
	EndGlobalSection
	GlobalSection(SolutionProperties) = preSolution
		HideSolutionNode = FALSE
	EndGlobalSection
	GlobalSection(ExtensibilityGlobals) = postSolution
		SolutionGuid = {D4ABB24C-368C-4E47-A9FA-E2203A8979B6}
	EndGlobalSection
EndGlobal
