
Microsoft Visual Studio Solution File, Format Version 12.00
# Visual Studio Version 17
VisualStudioVersion = 17.5.33530.505
MinimumVisualStudioVersion = 10.0.40219.1
Project("{FAE04EC0-301F-11D3-BF4B-00C04F79EFBC}") = "Lr6Num1", "Lr6Num1.csproj", "{DA1208E4-E4E1-498E-8EA4-9BF42876915F}"
EndProject
Global
	GlobalSection(SolutionConfigurationPlatforms) = preSolution
		Debug|Any CPU = Debug|Any CPU
		Release|Any CPU = Release|Any CPU
	EndGlobalSection
	GlobalSection(ProjectConfigurationPlatforms) = postSolution
		{DA1208E4-E4E1-498E-8EA4-9BF42876915F}.Debug|Any CPU.ActiveCfg = Debug|Any CPU
		{DA1208E4-E4E1-498E-8EA4-9BF42876915F}.Debug|Any CPU.Build.0 = Debug|Any CPU
		{DA1208E4-E4E1-498E-8EA4-9BF42876915F}.Release|Any CPU.ActiveCfg = Release|Any CPU
		{DA1208E4-E4E1-498E-8EA4-9BF42876915F}.Release|Any CPU.Build.0 = Release|Any CPU
	EndGlobalSection
	GlobalSection(SolutionProperties) = preSolution
		HideSolutionNode = FALSE
	EndGlobalSection
	GlobalSection(ExtensibilityGlobals) = postSolution
		SolutionGuid = {9614612A-AE50-4436-8193-38C2AE8AAAD4}
	EndGlobalSection
EndGlobal
